
Microsoft Visual Studio Solution File, Format Version 12.00
# Visual Studio Version 17
VisualStudioVersion = 17.4.33205.214
MinimumVisualStudioVersion = 10.0.40219.1
Project("{9A19103F-16F7-4668-BE54-9A1E7A4F7556}") = "Software_Data_Integrity_Failure_Demo", "Software_Data_Integrity_Failure_Demo\Software_Data_Integrity_Failure_Demo.csproj", "{1F5F6C38-4B1C-4654-9539-C32330BC794D}"
EndProject
Project("{9A19103F-16F7-4668-BE54-9A1E7A4F7556}") = "DllServer", "DllServer\DllServer.csproj", "{BCD16A2D-AD66-4420-B08B-9267F4454B57}"
EndProject
Project("{FAE04EC0-301F-11D3-BF4B-00C04F79EFBC}") = "BlazorControls", "BlazorControls\BlazorControls.csproj", "{D8FE8ED5-D41B-4F1C-90ED-171BDB356517}"
EndProject
Global
	GlobalSection(SolutionConfigurationPlatforms) = preSolution
		Debug|Any CPU = Debug|Any CPU
		Release|Any CPU = Release|Any CPU
	EndGlobalSection
	GlobalSection(ProjectConfigurationPlatforms) = postSolution
		{1F5F6C38-4B1C-4654-9539-C32330BC794D}.Debug|Any CPU.ActiveCfg = Debug|Any CPU
		{1F5F6C38-4B1C-4654-9539-C32330BC794D}.Debug|Any CPU.Build.0 = Debug|Any CPU
		{1F5F6C38-4B1C-4654-9539-C32330BC794D}.Release|Any CPU.ActiveCfg = Release|Any CPU
		{1F5F6C38-4B1C-4654-9539-C32330BC794D}.Release|Any CPU.Build.0 = Release|Any CPU
		{BCD16A2D-AD66-4420-B08B-9267F4454B57}.Debug|Any CPU.ActiveCfg = Debug|Any CPU
		{BCD16A2D-AD66-4420-B08B-9267F4454B57}.Debug|Any CPU.Build.0 = Debug|Any CPU
		{BCD16A2D-AD66-4420-B08B-9267F4454B57}.Release|Any CPU.ActiveCfg = Release|Any CPU
		{BCD16A2D-AD66-4420-B08B-9267F4454B57}.Release|Any CPU.Build.0 = Release|Any CPU
		{D8FE8ED5-D41B-4F1C-90ED-171BDB356517}.Debug|Any CPU.ActiveCfg = Debug|Any CPU
		{D8FE8ED5-D41B-4F1C-90ED-171BDB356517}.Debug|Any CPU.Build.0 = Debug|Any CPU
		{D8FE8ED5-D41B-4F1C-90ED-171BDB356517}.Release|Any CPU.ActiveCfg = Release|Any CPU
		{D8FE8ED5-D41B-4F1C-90ED-171BDB356517}.Release|Any CPU.Build.0 = Release|Any CPU
	EndGlobalSection
	GlobalSection(SolutionProperties) = preSolution
		HideSolutionNode = FALSE
	EndGlobalSection
	GlobalSection(ExtensibilityGlobals) = postSolution
		SolutionGuid = {9D5298CE-D1E4-49DE-B948-9668412B7439}
	EndGlobalSection
EndGlobal
